// !$*UTF8*$!
{
	archiveVersion = 1;
	classes = {
	};
	objectVersion = 77;
	objects = {

/* Begin PBXBuildFile section */
		5EAC06002EA636D20069FA59 /* QuickLook.framework in Frameworks */ = {isa = PBXBuildFile; fileRef = 5EAC05FF2EA636D10069FA59 /* QuickLook.framework */; };
		5EAC060C2EA636D20069FA59 /* AeroLogQuickLookExtension.appex in Embed Foundation Extensions */ = {isa = PBXBuildFile; fileRef = 5EAC05FE2EA636D10069FA59 /* AeroLogQuickLookExtension.appex */; settings = {ATTRIBUTES = (RemoveHeadersOnCopy, ); }; };
		5ECA922F2EA6311D00169BD7 /* UniformTypeIdentifiers.framework in Frameworks */ = {isa = PBXBuildFile; fileRef = 5ECA922E2EA6311C00169BD7 /* UniformTypeIdentifiers.framework */; };
		5ECA923B2EA6311D00169BD7 /* AeroLogActionExtension.appex in Embed Foundation Extensions */ = {isa = PBXBuildFile; fileRef = 5ECA922D2EA6311C00169BD7 /* AeroLogActionExtension.appex */; settings = {ATTRIBUTES = (RemoveHeadersOnCopy, ); }; };
		5ED3DDA32EA34E7E004E9069 /* AeroLogShareExtention.appex in Embed Foundation Extensions */ = {isa = PBXBuildFile; fileRef = 5ED3DD992EA34E7E004E9069 /* AeroLogShareExtention.appex */; settings = {ATTRIBUTES = (RemoveHeadersOnCopy, ); }; };
/* End PBXBuildFile section */

/* Begin PBXContainerItemProxy section */
		5E45747A2E6EC2F700F192BD /* PBXContainerItemProxy */ = {
			isa = PBXContainerItemProxy;
			containerPortal = 5E742E432E6C731300D612E9 /* Project object */;
			proxyType = 1;
			remoteGlobalIDString = 5E742E4A2E6C731300D612E9;
			remoteInfo = AeroLog;
		};
		5E45748B2E6EC3CF00F192BD /* PBXContainerItemProxy */ = {
			isa = PBXContainerItemProxy;
			containerPortal = 5E742E432E6C731300D612E9 /* Project object */;
			proxyType = 1;
			remoteGlobalIDString = 5E742E4A2E6C731300D612E9;
			remoteInfo = AeroLog;
		};
		5EAC060A2EA636D20069FA59 /* PBXContainerItemProxy */ = {
			isa = PBXContainerItemProxy;
			containerPortal = 5E742E432E6C731300D612E9 /* Project object */;
			proxyType = 1;
			remoteGlobalIDString = 5EAC05FD2EA636D10069FA59;
			remoteInfo = AeroLogQuickLookExtension;
		};
		5ECA92392EA6311D00169BD7 /* PBXContainerItemProxy */ = {
			isa = PBXContainerItemProxy;
			containerPortal = 5E742E432E6C731300D612E9 /* Project object */;
			proxyType = 1;
			remoteGlobalIDString = 5ECA922C2EA6311C00169BD7;
			remoteInfo = AeroLogActionExtension;
		};
		5ED3DDA12EA34E7E004E9069 /* PBXContainerItemProxy */ = {
			isa = PBXContainerItemProxy;
			containerPortal = 5E742E432E6C731300D612E9 /* Project object */;
			proxyType = 1;
			remoteGlobalIDString = 5ED3DD982EA34E7E004E9069;
			remoteInfo = AeroLogShareExtention;
		};
/* End PBXContainerItemProxy section */

/* Begin PBXCopyFilesBuildPhase section */
		5ED3DDA82EA34E7E004E9069 /* Embed Foundation Extensions */ = {
			isa = PBXCopyFilesBuildPhase;
			buildActionMask = 2147483647;
			dstPath = "";
			dstSubfolderSpec = 13;
			files = (
				5ECA923B2EA6311D00169BD7 /* AeroLogActionExtension.appex in Embed Foundation Extensions */,
				5ED3DDA32EA34E7E004E9069 /* AeroLogShareExtention.appex in Embed Foundation Extensions */,
				5EAC060C2EA636D20069FA59 /* AeroLogQuickLookExtension.appex in Embed Foundation Extensions */,
			);
			name = "Embed Foundation Extensions";
			runOnlyForDeploymentPostprocessing = 0;
		};
/* End PBXCopyFilesBuildPhase section */

/* Begin PBXFileReference section */
		5E4574762E6EC2F700F192BD /* AeroLogTests.xctest */ = {isa = PBXFileReference; explicitFileType = wrapper.cfbundle; includeInIndex = 0; path = AeroLogTests.xctest; sourceTree = BUILT_PRODUCTS_DIR; };
		5E4574872E6EC3CF00F192BD /* Tests.xctest */ = {isa = PBXFileReference; explicitFileType = wrapper.cfbundle; includeInIndex = 0; path = Tests.xctest; sourceTree = BUILT_PRODUCTS_DIR; };
		5E742E4B2E6C731300D612E9 /* AeroLog.app */ = {isa = PBXFileReference; explicitFileType = wrapper.application; includeInIndex = 0; path = AeroLog.app; sourceTree = BUILT_PRODUCTS_DIR; };
		5EAC05FE2EA636D10069FA59 /* AeroLogQuickLookExtension.appex */ = {isa = PBXFileReference; explicitFileType = "wrapper.app-extension"; includeInIndex = 0; path = AeroLogQuickLookExtension.appex; sourceTree = BUILT_PRODUCTS_DIR; };
		5EAC05FF2EA636D10069FA59 /* QuickLook.framework */ = {isa = PBXFileReference; lastKnownFileType = wrapper.framework; name = QuickLook.framework; path = System/Library/Frameworks/QuickLook.framework; sourceTree = SDKROOT; };
		5ECA922D2EA6311C00169BD7 /* AeroLogActionExtension.appex */ = {isa = PBXFileReference; explicitFileType = "wrapper.app-extension"; includeInIndex = 0; path = AeroLogActionExtension.appex; sourceTree = BUILT_PRODUCTS_DIR; };
		5ECA922E2EA6311C00169BD7 /* UniformTypeIdentifiers.framework */ = {isa = PBXFileReference; lastKnownFileType = wrapper.framework; name = UniformTypeIdentifiers.framework; path = System/Library/Frameworks/UniformTypeIdentifiers.framework; sourceTree = SDKROOT; };
		5ED3DD992EA34E7E004E9069 /* AeroLogShareExtention.appex */ = {isa = PBXFileReference; explicitFileType = "wrapper.app-extension"; includeInIndex = 0; path = AeroLogShareExtention.appex; sourceTree = BUILT_PRODUCTS_DIR; };
		5ED3DDAF2EA35106004E9069 /* WidgetKit.framework */ = {isa = PBXFileReference; lastKnownFileType = wrapper.framework; name = WidgetKit.framework; path = System/Library/Frameworks/WidgetKit.framework; sourceTree = SDKROOT; };
		5ED3DDB12EA35106004E9069 /* SwiftUI.framework */ = {isa = PBXFileReference; lastKnownFileType = wrapper.framework; name = SwiftUI.framework; path = System/Library/Frameworks/SwiftUI.framework; sourceTree = SDKROOT; };
/* End PBXFileReference section */

/* Begin PBXFileSystemSynchronizedBuildFileExceptionSet section */
		5E0688122E93F97A0093EBA9 /* Exceptions for "AeroLog" folder in "AeroLog" target */ = {
			isa = PBXFileSystemSynchronizedBuildFileExceptionSet;
			membershipExceptions = (
				Info.plist,
			);
			target = 5E742E4A2E6C731300D612E9 /* AeroLog */;
		};
		5EAC06102EA636D20069FA59 /* Exceptions for "AeroLogQuickLookExtension" folder in "AeroLogQuickLookExtension" target */ = {
			isa = PBXFileSystemSynchronizedBuildFileExceptionSet;
			membershipExceptions = (
				Info.plist,
			);
			target = 5EAC05FD2EA636D10069FA59 /* AeroLogQuickLookExtension */;
		};
		5ECA923F2EA6311D00169BD7 /* Exceptions for "AeroLogActionExtension" folder in "AeroLogActionExtension" target */ = {
			isa = PBXFileSystemSynchronizedBuildFileExceptionSet;
			membershipExceptions = (
				Info.plist,
			);
			target = 5ECA922C2EA6311C00169BD7 /* AeroLogActionExtension */;
		};
		5ED3DDA72EA34E7E004E9069 /* Exceptions for "AeroLogShareExtention" folder in "AeroLogShareExtention" target */ = {
			isa = PBXFileSystemSynchronizedBuildFileExceptionSet;
			membershipExceptions = (
				Info.plist,
			);
			target = 5ED3DD982EA34E7E004E9069 /* AeroLogShareExtention */;
		};
		5ED3DDCF2EA3566A004E9069 /* Exceptions for "AeroLog" folder in "AeroLogShareExtention" target */ = {
			isa = PBXFileSystemSynchronizedBuildFileExceptionSet;
			membershipExceptions = (
				AeroLogModel.xcdatamodeld,
			);
			target = 5ED3DD982EA34E7E004E9069 /* AeroLogShareExtention */;
		};
/* End PBXFileSystemSynchronizedBuildFileExceptionSet section */

/* Begin PBXFileSystemSynchronizedRootGroup section */
		5E4574882E6EC3CF00F192BD /* Tests */ = {
			isa = PBXFileSystemSynchronizedRootGroup;
			path = Tests;
			sourceTree = "<group>";
		};
		5E742E4D2E6C731300D612E9 /* AeroLog */ = {
			isa = PBXFileSystemSynchronizedRootGroup;
			exceptions = (
				5E0688122E93F97A0093EBA9 /* Exceptions for "AeroLog" folder in "AeroLog" target */,
				5ED3DDCF2EA3566A004E9069 /* Exceptions for "AeroLog" folder in "AeroLogShareExtention" target */,
			);
			path = AeroLog;
			sourceTree = "<group>";
		};
		5EAC06012EA636D20069FA59 /* AeroLogQuickLookExtension */ = {
			isa = PBXFileSystemSynchronizedRootGroup;
			exceptions = (
				5EAC06102EA636D20069FA59 /* Exceptions for "AeroLogQuickLookExtension" folder in "AeroLogQuickLookExtension" target */,
			);
			path = AeroLogQuickLookExtension;
			sourceTree = "<group>";
		};
		5ECA92302EA6311D00169BD7 /* AeroLogActionExtension */ = {
			isa = PBXFileSystemSynchronizedRootGroup;
			exceptions = (
				5ECA923F2EA6311D00169BD7 /* Exceptions for "AeroLogActionExtension" folder in "AeroLogActionExtension" target */,
			);
			path = AeroLogActionExtension;
			sourceTree = "<group>";
		};
		5ED3DD9A2EA34E7E004E9069 /* AeroLogShareExtention */ = {
			isa = PBXFileSystemSynchronizedRootGroup;
			exceptions = (
				5ED3DDA72EA34E7E004E9069 /* Exceptions for "AeroLogShareExtention" folder in "AeroLogShareExtention" target */,
			);
			path = AeroLogShareExtention;
			sourceTree = "<group>";
		};
/* End PBXFileSystemSynchronizedRootGroup section */

/* Begin PBXFrameworksBuildPhase section */
		5E4574732E6EC2F700F192BD /* Frameworks */ = {
			isa = PBXFrameworksBuildPhase;
			buildActionMask = 2147483647;
			files = (
			);
			runOnlyForDeploymentPostprocessing = 0;
		};
		5E4574842E6EC3CF00F192BD /* Frameworks */ = {
			isa = PBXFrameworksBuildPhase;
			buildActionMask = 2147483647;
			files = (
			);
			runOnlyForDeploymentPostprocessing = 0;
		};
		5E742E482E6C731300D612E9 /* Frameworks */ = {
			isa = PBXFrameworksBuildPhase;
			buildActionMask = 2147483647;
			files = (
			);
			runOnlyForDeploymentPostprocessing = 0;
		};
		5EAC05FB2EA636D10069FA59 /* Frameworks */ = {
			isa = PBXFrameworksBuildPhase;
			buildActionMask = 2147483647;
			files = (
				5EAC06002EA636D20069FA59 /* QuickLook.framework in Frameworks */,
			);
			runOnlyForDeploymentPostprocessing = 0;
		};
		5ECA922A2EA6311C00169BD7 /* Frameworks */ = {
			isa = PBXFrameworksBuildPhase;
			buildActionMask = 2147483647;
			files = (
				5ECA922F2EA6311D00169BD7 /* UniformTypeIdentifiers.framework in Frameworks */,
			);
			runOnlyForDeploymentPostprocessing = 0;
		};
		5ED3DD962EA34E7E004E9069 /* Frameworks */ = {
			isa = PBXFrameworksBuildPhase;
			buildActionMask = 2147483647;
			files = (
			);
			runOnlyForDeploymentPostprocessing = 0;
		};
/* End PBXFrameworksBuildPhase section */

/* Begin PBXGroup section */
		5E742E422E6C731300D612E9 = {
			isa = PBXGroup;
			children = (
				5E742E4D2E6C731300D612E9 /* AeroLog */,
				5E4574882E6EC3CF00F192BD /* Tests */,
				5ED3DD9A2EA34E7E004E9069 /* AeroLogShareExtention */,
				5ECA92302EA6311D00169BD7 /* AeroLogActionExtension */,
				5EAC06012EA636D20069FA59 /* AeroLogQuickLookExtension */,
				5ED3DDAE2EA35106004E9069 /* Frameworks */,
				5E742E4C2E6C731300D612E9 /* Products */,
			);
			sourceTree = "<group>";
		};
		5E742E4C2E6C731300D612E9 /* Products */ = {
			isa = PBXGroup;
			children = (
				5E742E4B2E6C731300D612E9 /* AeroLog.app */,
				5E4574762E6EC2F700F192BD /* AeroLogTests.xctest */,
				5E4574872E6EC3CF00F192BD /* Tests.xctest */,
				5ED3DD992EA34E7E004E9069 /* AeroLogShareExtention.appex */,
				5ECA922D2EA6311C00169BD7 /* AeroLogActionExtension.appex */,
				5EAC05FE2EA636D10069FA59 /* AeroLogQuickLookExtension.appex */,
			);
			name = Products;
			sourceTree = "<group>";
		};
		5ED3DDAE2EA35106004E9069 /* Frameworks */ = {
			isa = PBXGroup;
			children = (
				5ED3DDAF2EA35106004E9069 /* WidgetKit.framework */,
				5ED3DDB12EA35106004E9069 /* SwiftUI.framework */,
				5ECA922E2EA6311C00169BD7 /* UniformTypeIdentifiers.framework */,
				5EAC05FF2EA636D10069FA59 /* QuickLook.framework */,
			);
			name = Frameworks;
			sourceTree = "<group>";
		};
/* End PBXGroup section */

/* Begin PBXNativeTarget section */
		5E4574752E6EC2F700F192BD /* AeroLogTests */ = {
			isa = PBXNativeTarget;
			buildConfigurationList = 5E45747C2E6EC2F700F192BD /* Build configuration list for PBXNativeTarget "AeroLogTests" */;
			buildPhases = (
				5E4574722E6EC2F700F192BD /* Sources */,
				5E4574732E6EC2F700F192BD /* Frameworks */,
				5E4574742E6EC2F700F192BD /* Resources */,
			);
			buildRules = (
			);
			dependencies = (
				5E45747B2E6EC2F700F192BD /* PBXTargetDependency */,
			);
			name = AeroLogTests;
			packageProductDependencies = (
			);
			productName = AeroLogTests;
			productReference = 5E4574762E6EC2F700F192BD /* AeroLogTests.xctest */;
			productType = "com.apple.product-type.bundle.unit-test";
		};
		5E4574862E6EC3CF00F192BD /* Tests */ = {
			isa = PBXNativeTarget;
			buildConfigurationList = 5E45748D2E6EC3CF00F192BD /* Build configuration list for PBXNativeTarget "Tests" */;
			buildPhases = (
				5E4574832E6EC3CF00F192BD /* Sources */,
				5E4574842E6EC3CF00F192BD /* Frameworks */,
				5E4574852E6EC3CF00F192BD /* Resources */,
			);
			buildRules = (
			);
			dependencies = (
				5E45748C2E6EC3CF00F192BD /* PBXTargetDependency */,
			);
			fileSystemSynchronizedGroups = (
				5E4574882E6EC3CF00F192BD /* Tests */,
			);
			name = Tests;
			packageProductDependencies = (
			);
			productName = Tests;
			productReference = 5E4574872E6EC3CF00F192BD /* Tests.xctest */;
			productType = "com.apple.product-type.bundle.unit-test";
		};
		5E742E4A2E6C731300D612E9 /* AeroLog */ = {
			isa = PBXNativeTarget;
			buildConfigurationList = 5E742E592E6C731400D612E9 /* Build configuration list for PBXNativeTarget "AeroLog" */;
			buildPhases = (
				5E742E472E6C731300D612E9 /* Sources */,
				5E742E482E6C731300D612E9 /* Frameworks */,
				5E742E492E6C731300D612E9 /* Resources */,
				5ED3DDA82EA34E7E004E9069 /* Embed Foundation Extensions */,
			);
			buildRules = (
			);
			dependencies = (
				5ED3DDA22EA34E7E004E9069 /* PBXTargetDependency */,
				5ECA923A2EA6311D00169BD7 /* PBXTargetDependency */,
				5EAC060B2EA636D20069FA59 /* PBXTargetDependency */,
			);
			fileSystemSynchronizedGroups = (
				5E742E4D2E6C731300D612E9 /* AeroLog */,
			);
			name = AeroLog;
			packageProductDependencies = (
			);
			productName = AeroLog;
			productReference = 5E742E4B2E6C731300D612E9 /* AeroLog.app */;
			productType = "com.apple.product-type.application";
		};
		5EAC05FD2EA636D10069FA59 /* AeroLogQuickLookExtension */ = {
			isa = PBXNativeTarget;
			buildConfigurationList = 5EAC060F2EA636D20069FA59 /* Build configuration list for PBXNativeTarget "AeroLogQuickLookExtension" */;
			buildPhases = (
				5EAC05FA2EA636D10069FA59 /* Sources */,
				5EAC05FB2EA636D10069FA59 /* Frameworks */,
				5EAC05FC2EA636D10069FA59 /* Resources */,
			);
			buildRules = (
			);
			dependencies = (
			);
			fileSystemSynchronizedGroups = (
				5EAC06012EA636D20069FA59 /* AeroLogQuickLookExtension */,
			);
			name = AeroLogQuickLookExtension;
			packageProductDependencies = (
			);
			productName = AeroLogQuickLookExtension;
			productReference = 5EAC05FE2EA636D10069FA59 /* AeroLogQuickLookExtension.appex */;
			productType = "com.apple.product-type.app-extension";
		};
		5ECA922C2EA6311C00169BD7 /* AeroLogActionExtension */ = {
			isa = PBXNativeTarget;
			buildConfigurationList = 5ECA923E2EA6311D00169BD7 /* Build configuration list for PBXNativeTarget "AeroLogActionExtension" */;
			buildPhases = (
				5ECA92292EA6311C00169BD7 /* Sources */,
				5ECA922A2EA6311C00169BD7 /* Frameworks */,
				5ECA922B2EA6311C00169BD7 /* Resources */,
			);
			buildRules = (
			);
			dependencies = (
			);
			fileSystemSynchronizedGroups = (
				5ECA92302EA6311D00169BD7 /* AeroLogActionExtension */,
			);
			name = AeroLogActionExtension;
			packageProductDependencies = (
			);
			productName = AeroLogActionExtension;
			productReference = 5ECA922D2EA6311C00169BD7 /* AeroLogActionExtension.appex */;
			productType = "com.apple.product-type.app-extension";
		};
		5ED3DD982EA34E7E004E9069 /* AeroLogShareExtention */ = {
			isa = PBXNativeTarget;
			buildConfigurationList = 5ED3DDA42EA34E7E004E9069 /* Build configuration list for PBXNativeTarget "AeroLogShareExtention" */;
			buildPhases = (
				5ED3DD952EA34E7E004E9069 /* Sources */,
				5ED3DD962EA34E7E004E9069 /* Frameworks */,
				5ED3DD972EA34E7E004E9069 /* Resources */,
			);
			buildRules = (
			);
			dependencies = (
			);
			fileSystemSynchronizedGroups = (
				5ED3DD9A2EA34E7E004E9069 /* AeroLogShareExtention */,
			);
			name = AeroLogShareExtention;
			packageProductDependencies = (
			);
			productName = AeroLogShareExtention;
			productReference = 5ED3DD992EA34E7E004E9069 /* AeroLogShareExtention.appex */;
			productType = "com.apple.product-type.app-extension";
		};
/* End PBXNativeTarget section */

/* Begin PBXProject section */
		5E742E432E6C731300D612E9 /* Project object */ = {
			isa = PBXProject;
			attributes = {
				BuildIndependentTargetsInParallel = 1;
				LastSwiftUpdateCheck = 1620;
				LastUpgradeCheck = 1620;
				TargetAttributes = {
					5E4574752E6EC2F700F192BD = {
						CreatedOnToolsVersion = 16.2;
						TestTargetID = 5E742E4A2E6C731300D612E9;
					};
					5E4574862E6EC3CF00F192BD = {
						CreatedOnToolsVersion = 16.2;
						TestTargetID = 5E742E4A2E6C731300D612E9;
					};
					5E742E4A2E6C731300D612E9 = {
						CreatedOnToolsVersion = 16.2;
					};
					5EAC05FD2EA636D10069FA59 = {
						CreatedOnToolsVersion = 16.2;
					};
					5ECA922C2EA6311C00169BD7 = {
						CreatedOnToolsVersion = 16.2;
					};
					5ED3DD982EA34E7E004E9069 = {
						CreatedOnToolsVersion = 16.2;
					};
				};
			};
			buildConfigurationList = 5E742E462E6C731300D612E9 /* Build configuration list for PBXProject "AeroLog" */;
			developmentRegion = en;
			hasScannedForEncodings = 0;
			knownRegions = (
				en,
				Base,
			);
			mainGroup = 5E742E422E6C731300D612E9;
			minimizedProjectReferenceProxies = 1;
			preferredProjectObjectVersion = 77;
			productRefGroup = 5E742E4C2E6C731300D612E9 /* Products */;
			projectDirPath = "";
			projectRoot = "";
			targets = (
				5E742E4A2E6C731300D612E9 /* AeroLog */,
				5E4574752E6EC2F700F192BD /* AeroLogTests */,
				5E4574862E6EC3CF00F192BD /* Tests */,
				5ED3DD982EA34E7E004E9069 /* AeroLogShareExtention */,
				5ECA922C2EA6311C00169BD7 /* AeroLogActionExtension */,
				5EAC05FD2EA636D10069FA59 /* AeroLogQuickLookExtension */,
			);
		};
/* End PBXProject section */

/* Begin PBXResourcesBuildPhase section */
		5E4574742E6EC2F700F192BD /* Resources */ = {
			isa = PBXResourcesBuildPhase;
			buildActionMask = 2147483647;
			files = (
			);
			runOnlyForDeploymentPostprocessing = 0;
		};
		5E4574852E6EC3CF00F192BD /* Resources */ = {
			isa = PBXResourcesBuildPhase;
			buildActionMask = 2147483647;
			files = (
			);
			runOnlyForDeploymentPostprocessing = 0;
		};
		5E742E492E6C731300D612E9 /* Resources */ = {
			isa = PBXResourcesBuildPhase;
			buildActionMask = 2147483647;
			files = (
			);
			runOnlyForDeploymentPostprocessing = 0;
		};
		5EAC05FC2EA636D10069FA59 /* Resources */ = {
			isa = PBXResourcesBuildPhase;
			buildActionMask = 2147483647;
			files = (
			);
			runOnlyForDeploymentPostprocessing = 0;
		};
		5ECA922B2EA6311C00169BD7 /* Resources */ = {
			isa = PBXResourcesBuildPhase;
			buildActionMask = 2147483647;
			files = (
			);
			runOnlyForDeploymentPostprocessing = 0;
		};
		5ED3DD972EA34E7E004E9069 /* Resources */ = {
			isa = PBXResourcesBuildPhase;
			buildActionMask = 2147483647;
			files = (
			);
			runOnlyForDeploymentPostprocessing = 0;
		};
/* End PBXResourcesBuildPhase section */

/* Begin PBXSourcesBuildPhase section */
		5E4574722E6EC2F700F192BD /* Sources */ = {
			isa = PBXSourcesBuildPhase;
			buildActionMask = 2147483647;
			files = (
			);
			runOnlyForDeploymentPostprocessing = 0;
		};
		5E4574832E6EC3CF00F192BD /* Sources */ = {
			isa = PBXSourcesBuildPhase;
			buildActionMask = 2147483647;
			files = (
			);
			runOnlyForDeploymentPostprocessing = 0;
		};
		5E742E472E6C731300D612E9 /* Sources */ = {
			isa = PBXSourcesBuildPhase;
			buildActionMask = 2147483647;
			files = (
			);
			runOnlyForDeploymentPostprocessing = 0;
		};
		5EAC05FA2EA636D10069FA59 /* Sources */ = {
			isa = PBXSourcesBuildPhase;
			buildActionMask = 2147483647;
			files = (
			);
			runOnlyForDeploymentPostprocessing = 0;
		};
		5ECA92292EA6311C00169BD7 /* Sources */ = {
			isa = PBXSourcesBuildPhase;
			buildActionMask = 2147483647;
			files = (
			);
			runOnlyForDeploymentPostprocessing = 0;
		};
		5ED3DD952EA34E7E004E9069 /* Sources */ = {
			isa = PBXSourcesBuildPhase;
			buildActionMask = 2147483647;
			files = (
			);
			runOnlyForDeploymentPostprocessing = 0;
		};
/* End PBXSourcesBuildPhase section */

/* Begin PBXTargetDependency section */
		5E45747B2E6EC2F700F192BD /* PBXTargetDependency */ = {
			isa = PBXTargetDependency;
			target = 5E742E4A2E6C731300D612E9 /* AeroLog */;
			targetProxy = 5E45747A2E6EC2F700F192BD /* PBXContainerItemProxy */;
		};
		5E45748C2E6EC3CF00F192BD /* PBXTargetDependency */ = {
			isa = PBXTargetDependency;
			target = 5E742E4A2E6C731300D612E9 /* AeroLog */;
			targetProxy = 5E45748B2E6EC3CF00F192BD /* PBXContainerItemProxy */;
		};
		5EAC060B2EA636D20069FA59 /* PBXTargetDependency */ = {
			isa = PBXTargetDependency;
			target = 5EAC05FD2EA636D10069FA59 /* AeroLogQuickLookExtension */;
			targetProxy = 5EAC060A2EA636D20069FA59 /* PBXContainerItemProxy */;
		};
		5ECA923A2EA6311D00169BD7 /* PBXTargetDependency */ = {
			isa = PBXTargetDependency;
			target = 5ECA922C2EA6311C00169BD7 /* AeroLogActionExtension */;
			targetProxy = 5ECA92392EA6311D00169BD7 /* PBXContainerItemProxy */;
		};
		5ED3DDA22EA34E7E004E9069 /* PBXTargetDependency */ = {
			isa = PBXTargetDependency;
			target = 5ED3DD982EA34E7E004E9069 /* AeroLogShareExtention */;
			targetProxy = 5ED3DDA12EA34E7E004E9069 /* PBXContainerItemProxy */;
		};
/* End PBXTargetDependency section */

/* Begin XCBuildConfiguration section */
		5E45747D2E6EC2F700F192BD /* Debug */ = {
			isa = XCBuildConfiguration;
			buildSettings = {
				BUNDLE_LOADER = "$(TEST_HOST)";
				CODE_SIGN_STYLE = Automatic;
				CURRENT_PROJECT_VERSION = 1;
				DEVELOPMENT_TEAM = 27NWF7BXKM;
				GENERATE_INFOPLIST_FILE = YES;
				MARKETING_VERSION = 1.0;
				PRODUCT_BUNDLE_IDENTIFIER = John.AeroLogTests;
				PRODUCT_NAME = "$(TARGET_NAME)";
				SWIFT_EMIT_LOC_STRINGS = NO;
				SWIFT_VERSION = 5.0;
				TARGETED_DEVICE_FAMILY = "1,2";
				TEST_HOST = "$(BUILT_PRODUCTS_DIR)/AeroLog.app/$(BUNDLE_EXECUTABLE_FOLDER_PATH)/AeroLog";
			};
			name = Debug;
		};
		5E45747E2E6EC2F700F192BD /* Release */ = {
			isa = XCBuildConfiguration;
			buildSettings = {
				BUNDLE_LOADER = "$(TEST_HOST)";
				CODE_SIGN_STYLE = Automatic;
				CURRENT_PROJECT_VERSION = 1;
				DEVELOPMENT_TEAM = 27NWF7BXKM;
				GENERATE_INFOPLIST_FILE = YES;
				MARKETING_VERSION = 1.0;
				PRODUCT_BUNDLE_IDENTIFIER = John.AeroLogTests;
				PRODUCT_NAME = "$(TARGET_NAME)";
				SWIFT_EMIT_LOC_STRINGS = NO;
				SWIFT_VERSION = 5.0;
				TARGETED_DEVICE_FAMILY = "1,2";
				TEST_HOST = "$(BUILT_PRODUCTS_DIR)/AeroLog.app/$(BUNDLE_EXECUTABLE_FOLDER_PATH)/AeroLog";
			};
			name = Release;
		};
		5E45748E2E6EC3CF00F192BD /* Debug */ = {
			isa = XCBuildConfiguration;
			buildSettings = {
				BUNDLE_LOADER = "$(TEST_HOST)";
				CODE_SIGN_STYLE = Automatic;
				CURRENT_PROJECT_VERSION = 1;
				DEVELOPMENT_TEAM = 27NWF7BXKM;
				GENERATE_INFOPLIST_FILE = YES;
				MARKETING_VERSION = 1.0;
				PRODUCT_BUNDLE_IDENTIFIER = John.Tests;
				PRODUCT_NAME = "$(TARGET_NAME)";
				SWIFT_EMIT_LOC_STRINGS = NO;
				SWIFT_VERSION = 5.0;
				TARGETED_DEVICE_FAMILY = "1,2";
				TEST_HOST = "$(BUILT_PRODUCTS_DIR)/AeroLog.app/$(BUNDLE_EXECUTABLE_FOLDER_PATH)/AeroLog";
			};
			name = Debug;
		};
		5E45748F2E6EC3CF00F192BD /* Release */ = {
			isa = XCBuildConfiguration;
			buildSettings = {
				BUNDLE_LOADER = "$(TEST_HOST)";
				CODE_SIGN_STYLE = Automatic;
				CURRENT_PROJECT_VERSION = 1;
				DEVELOPMENT_TEAM = 27NWF7BXKM;
				GENERATE_INFOPLIST_FILE = YES;
				MARKETING_VERSION = 1.0;
				PRODUCT_BUNDLE_IDENTIFIER = John.Tests;
				PRODUCT_NAME = "$(TARGET_NAME)";
				SWIFT_EMIT_LOC_STRINGS = NO;
				SWIFT_VERSION = 5.0;
				TARGETED_DEVICE_FAMILY = "1,2";
				TEST_HOST = "$(BUILT_PRODUCTS_DIR)/AeroLog.app/$(BUNDLE_EXECUTABLE_FOLDER_PATH)/AeroLog";
			};
			name = Release;
		};
		5E742E572E6C731400D612E9 /* Debug */ = {
			isa = XCBuildConfiguration;
			buildSettings = {
				ALWAYS_SEARCH_USER_PATHS = NO;
				ASSETCATALOG_COMPILER_GENERATE_SWIFT_ASSET_SYMBOL_EXTENSIONS = YES;
				CLANG_ANALYZER_NONNULL = YES;
				CLANG_ANALYZER_NUMBER_OBJECT_CONVERSION = YES_AGGRESSIVE;
				CLANG_CXX_LANGUAGE_STANDARD = "gnu++20";
				CLANG_ENABLE_MODULES = YES;
				CLANG_ENABLE_OBJC_ARC = YES;
				CLANG_ENABLE_OBJC_WEAK = YES;
				CLANG_WARN_BLOCK_CAPTURE_AUTORELEASING = YES;
				CLANG_WARN_BOOL_CONVERSION = YES;
				CLANG_WARN_COMMA = YES;
				CLANG_WARN_CONSTANT_CONVERSION = YES;
				CLANG_WARN_DEPRECATED_OBJC_IMPLEMENTATIONS = YES;
				CLANG_WARN_DIRECT_OBJC_ISA_USAGE = YES_ERROR;
				CLANG_WARN_DOCUMENTATION_COMMENTS = YES;
				CLANG_WARN_EMPTY_BODY = YES;
				CLANG_WARN_ENUM_CONVERSION = YES;
				CLANG_WARN_INFINITE_RECURSION = YES;
				CLANG_WARN_INT_CONVERSION = YES;
				CLANG_WARN_NON_LITERAL_NULL_CONVERSION = YES;
				CLANG_WARN_OBJC_IMPLICIT_RETAIN_SELF = YES;
				CLANG_WARN_OBJC_LITERAL_CONVERSION = YES;
				CLANG_WARN_OBJC_ROOT_CLASS = YES_ERROR;
				CLANG_WARN_QUOTED_INCLUDE_IN_FRAMEWORK_HEADER = YES;
				CLANG_WARN_RANGE_LOOP_ANALYSIS = YES;
				CLANG_WARN_STRICT_PROTOTYPES = YES;
				CLANG_WARN_SUSPICIOUS_MOVE = YES;
				CLANG_WARN_UNGUARDED_AVAILABILITY = YES_AGGRESSIVE;
				CLANG_WARN_UNREACHABLE_CODE = YES;
				CLANG_WARN__DUPLICATE_METHOD_MATCH = YES;
				COPY_PHASE_STRIP = NO;
				DEBUG_INFORMATION_FORMAT = dwarf;
				ENABLE_STRICT_OBJC_MSGSEND = YES;
				ENABLE_TESTABILITY = YES;
				ENABLE_USER_SCRIPT_SANDBOXING = YES;
				GCC_C_LANGUAGE_STANDARD = gnu17;
				GCC_DYNAMIC_NO_PIC = NO;
				GCC_NO_COMMON_BLOCKS = YES;
				GCC_OPTIMIZATION_LEVEL = 0;
				GCC_PREPROCESSOR_DEFINITIONS = (
					"DEBUG=1",
					"$(inherited)",
				);
				GCC_WARN_64_TO_32_BIT_CONVERSION = YES;
				GCC_WARN_ABOUT_RETURN_TYPE = YES_ERROR;
				GCC_WARN_UNDECLARED_SELECTOR = YES;
				GCC_WARN_UNINITIALIZED_AUTOS = YES_AGGRESSIVE;
				GCC_WARN_UNUSED_FUNCTION = YES;
				GCC_WARN_UNUSED_VARIABLE = YES;
				IPHONEOS_DEPLOYMENT_TARGET = 18.2;
				LOCALIZATION_PREFERS_STRING_CATALOGS = YES;
				MTL_ENABLE_DEBUG_INFO = INCLUDE_SOURCE;
				MTL_FAST_MATH = YES;
				ONLY_ACTIVE_ARCH = YES;
				SDKROOT = iphoneos;
				SWIFT_ACTIVE_COMPILATION_CONDITIONS = "DEBUG $(inherited)";
				SWIFT_OPTIMIZATION_LEVEL = "-Onone";
			};
			name = Debug;
		};
		5E742E582E6C731400D612E9 /* Release */ = {
			isa = XCBuildConfiguration;
			buildSettings = {
				ALWAYS_SEARCH_USER_PATHS = NO;
				ASSETCATALOG_COMPILER_GENERATE_SWIFT_ASSET_SYMBOL_EXTENSIONS = YES;
				CLANG_ANALYZER_NONNULL = YES;
				CLANG_ANALYZER_NUMBER_OBJECT_CONVERSION = YES_AGGRESSIVE;
				CLANG_CXX_LANGUAGE_STANDARD = "gnu++20";
				CLANG_ENABLE_MODULES = YES;
				CLANG_ENABLE_OBJC_ARC = YES;
				CLANG_ENABLE_OBJC_WEAK = YES;
				CLANG_WARN_BLOCK_CAPTURE_AUTORELEASING = YES;
				CLANG_WARN_BOOL_CONVERSION = YES;
				CLANG_WARN_COMMA = YES;
				CLANG_WARN_CONSTANT_CONVERSION = YES;
				CLANG_WARN_DEPRECATED_OBJC_IMPLEMENTATIONS = YES;
				CLANG_WARN_DIRECT_OBJC_ISA_USAGE = YES_ERROR;
				CLANG_WARN_DOCUMENTATION_COMMENTS = YES;
				CLANG_WARN_EMPTY_BODY = YES;
				CLANG_WARN_ENUM_CONVERSION = YES;
				CLANG_WARN_INFINITE_RECURSION = YES;
				CLANG_WARN_INT_CONVERSION = YES;
				CLANG_WARN_NON_LITERAL_NULL_CONVERSION = YES;
				CLANG_WARN_OBJC_IMPLICIT_RETAIN_SELF = YES;
				CLANG_WARN_OBJC_LITERAL_CONVERSION = YES;
				CLANG_WARN_OBJC_ROOT_CLASS = YES_ERROR;
				CLANG_WARN_QUOTED_INCLUDE_IN_FRAMEWORK_HEADER = YES;
				CLANG_WARN_RANGE_LOOP_ANALYSIS = YES;
				CLANG_WARN_STRICT_PROTOTYPES = YES;
				CLANG_WARN_SUSPICIOUS_MOVE = YES;
				CLANG_WARN_UNGUARDED_AVAILABILITY = YES_AGGRESSIVE;
				CLANG_WARN_UNREACHABLE_CODE = YES;
				CLANG_WARN__DUPLICATE_METHOD_MATCH = YES;
				COPY_PHASE_STRIP = NO;
				DEBUG_INFORMATION_FORMAT = "dwarf-with-dsym";
				ENABLE_NS_ASSERTIONS = NO;
				ENABLE_STRICT_OBJC_MSGSEND = YES;
				ENABLE_USER_SCRIPT_SANDBOXING = YES;
				GCC_C_LANGUAGE_STANDARD = gnu17;
				GCC_NO_COMMON_BLOCKS = YES;
				GCC_WARN_64_TO_32_BIT_CONVERSION = YES;
				GCC_WARN_ABOUT_RETURN_TYPE = YES_ERROR;
				GCC_WARN_UNDECLARED_SELECTOR = YES;
				GCC_WARN_UNINITIALIZED_AUTOS = YES_AGGRESSIVE;
				GCC_WARN_UNUSED_FUNCTION = YES;
				GCC_WARN_UNUSED_VARIABLE = YES;
				IPHONEOS_DEPLOYMENT_TARGET = 18.2;
				LOCALIZATION_PREFERS_STRING_CATALOGS = YES;
				MTL_ENABLE_DEBUG_INFO = NO;
				MTL_FAST_MATH = YES;
				SDKROOT = iphoneos;
				SWIFT_COMPILATION_MODE = wholemodule;
				VALIDATE_PRODUCT = YES;
			};
			name = Release;
		};
		5E742E5A2E6C731400D612E9 /* Debug */ = {
			isa = XCBuildConfiguration;
			buildSettings = {
				ASSETCATALOG_COMPILER_APPICON_NAME = AppIcon;
				ASSETCATALOG_COMPILER_GLOBAL_ACCENT_COLOR_NAME = AccentColor;
				CODE_SIGN_ENTITLEMENTS = AeroLog/AeroLog.entitlements;
				CODE_SIGN_IDENTITY = "Apple Development";
				CODE_SIGN_STYLE = Automatic;
				CURRENT_PROJECT_VERSION = 1;
				DEVELOPMENT_ASSET_PATHS = "\"AeroLog/Preview Content\"";
				DEVELOPMENT_TEAM = 27NWF7BXKM;
				ENABLE_PREVIEWS = YES;
				GENERATE_INFOPLIST_FILE = YES;
				INFOPLIST_FILE = AeroLog/Info.plist;
				INFOPLIST_KEY_UIApplicationSceneManifest_Generation = YES;
				INFOPLIST_KEY_UIApplicationSupportsIndirectInputEvents = YES;
				INFOPLIST_KEY_UILaunchScreen_Generation = YES;
				INFOPLIST_KEY_UISupportedInterfaceOrientations_iPad = "UIInterfaceOrientationPortrait UIInterfaceOrientationPortraitUpsideDown UIInterfaceOrientationLandscapeLeft UIInterfaceOrientationLandscapeRight";
				INFOPLIST_KEY_UISupportedInterfaceOrientations_iPhone = "UIInterfaceOrientationPortrait UIInterfaceOrientationLandscapeLeft UIInterfaceOrientationLandscapeRight";
				LD_RUNPATH_SEARCH_PATHS = (
					"$(inherited)",
					"@executable_path/Frameworks",
				);
				MARKETING_VERSION = 1.0;
				PRODUCT_BUNDLE_IDENTIFIER = com.yuhanchang.aerolog2025;
				PRODUCT_NAME = "$(TARGET_NAME)";
				PROVISIONING_PROFILE_SPECIFIER = "";
				SWIFT_EMIT_LOC_STRINGS = YES;
				SWIFT_VERSION = 5.0;
				TARGETED_DEVICE_FAMILY = "1,2";
			};
			name = Debug;
		};
		5E742E5B2E6C731400D612E9 /* Release */ = {
			isa = XCBuildConfiguration;
			buildSettings = {
				ASSETCATALOG_COMPILER_APPICON_NAME = AppIcon;
				ASSETCATALOG_COMPILER_GLOBAL_ACCENT_COLOR_NAME = AccentColor;
				CODE_SIGN_ENTITLEMENTS = AeroLog/AeroLog.entitlements;
				CODE_SIGN_IDENTITY = "Apple Development";
				CODE_SIGN_STYLE = Automatic;
				CURRENT_PROJECT_VERSION = 1;
				DEVELOPMENT_ASSET_PATHS = "\"AeroLog/Preview Content\"";
				DEVELOPMENT_TEAM = 27NWF7BXKM;
				ENABLE_PREVIEWS = YES;
				GENERATE_INFOPLIST_FILE = YES;
				INFOPLIST_FILE = AeroLog/Info.plist;
				INFOPLIST_KEY_UIApplicationSceneManifest_Generation = YES;
				INFOPLIST_KEY_UIApplicationSupportsIndirectInputEvents = YES;
				INFOPLIST_KEY_UILaunchScreen_Generation = YES;
				INFOPLIST_KEY_UISupportedInterfaceOrientations_iPad = "UIInterfaceOrientationPortrait UIInterfaceOrientationPortraitUpsideDown UIInterfaceOrientationLandscapeLeft UIInterfaceOrientationLandscapeRight";
				INFOPLIST_KEY_UISupportedInterfaceOrientations_iPhone = "UIInterfaceOrientationPortrait UIInterfaceOrientationLandscapeLeft UIInterfaceOrientationLandscapeRight";
				LD_RUNPATH_SEARCH_PATHS = (
					"$(inherited)",
					"@executable_path/Frameworks",
				);
				MARKETING_VERSION = 1.0;
				PRODUCT_BUNDLE_IDENTIFIER = com.yuhanchang.aerolog2025;
				PRODUCT_NAME = "$(TARGET_NAME)";
				PROVISIONING_PROFILE_SPECIFIER = "";
				SWIFT_EMIT_LOC_STRINGS = YES;
				SWIFT_VERSION = 5.0;
				TARGETED_DEVICE_FAMILY = "1,2";
			};
			name = Release;
		};
		5EAC060D2EA636D20069FA59 /* Debug */ = {
			isa = XCBuildConfiguration;
			buildSettings = {
				CODE_SIGN_IDENTITY = "Apple Development";
				CODE_SIGN_STYLE = Automatic;
				CURRENT_PROJECT_VERSION = 1;
				DEVELOPMENT_TEAM = 27NWF7BXKM;
				GENERATE_INFOPLIST_FILE = YES;
				INFOPLIST_FILE = AeroLogQuickLookExtension/Info.plist;
				INFOPLIST_KEY_CFBundleDisplayName = AeroLogQuickLookExtension;
				INFOPLIST_KEY_NSHumanReadableCopyright = "";
				LD_RUNPATH_SEARCH_PATHS = (
					"$(inherited)",
					"@executable_path/Frameworks",
					"@executable_path/../../Frameworks",
				);
				MARKETING_VERSION = 1.0;
				PRODUCT_BUNDLE_IDENTIFIER = com.yuhanchang.aerolog2025.AeroLogQuickLookExtension;
				PRODUCT_NAME = "$(TARGET_NAME)";
				SKIP_INSTALL = YES;
				SWIFT_EMIT_LOC_STRINGS = YES;
				SWIFT_VERSION = 5.0;
				TARGETED_DEVICE_FAMILY = "1,2";
			};
			name = Debug;
		};
		5EAC060E2EA636D20069FA59 /* Release */ = {
			isa = XCBuildConfiguration;
			buildSettings = {
				CODE_SIGN_IDENTITY = "Apple Development";
				CODE_SIGN_STYLE = Automatic;
				CURRENT_PROJECT_VERSION = 1;
				DEVELOPMENT_TEAM = 27NWF7BXKM;
				GENERATE_INFOPLIST_FILE = YES;
				INFOPLIST_FILE = AeroLogQuickLookExtension/Info.plist;
				INFOPLIST_KEY_CFBundleDisplayName = AeroLogQuickLookExtension;
				INFOPLIST_KEY_NSHumanReadableCopyright = "";
				LD_RUNPATH_SEARCH_PATHS = (
					"$(inherited)",
					"@executable_path/Frameworks",
					"@executable_path/../../Frameworks",
				);
				MARKETING_VERSION = 1.0;
				PRODUCT_BUNDLE_IDENTIFIER = com.yuhanchang.aerolog2025.AeroLogQuickLookExtension;
				PRODUCT_NAME = "$(TARGET_NAME)";
				SKIP_INSTALL = YES;
				SWIFT_EMIT_LOC_STRINGS = YES;
				SWIFT_VERSION = 5.0;
				TARGETED_DEVICE_FAMILY = "1,2";
			};
			name = Release;
		};
		5ECA923C2EA6311D00169BD7 /* Debug */ = {
			isa = XCBuildConfiguration;
			buildSettings = {
				CODE_SIGN_IDENTITY = "Apple Development";
				CODE_SIGN_STYLE = Automatic;
				CURRENT_PROJECT_VERSION = 1;
				DEVELOPMENT_TEAM = 27NWF7BXKM;
				GENERATE_INFOPLIST_FILE = YES;
				INFOPLIST_FILE = AeroLogActionExtension/Info.plist;
				INFOPLIST_KEY_CFBundleDisplayName = AeroLogActionExtension;
				INFOPLIST_KEY_NSHumanReadableCopyright = "";
				LD_RUNPATH_SEARCH_PATHS = (
					"$(inherited)",
					"@executable_path/Frameworks",
					"@executable_path/../../Frameworks",
				);
				MARKETING_VERSION = 1.0;
				PRODUCT_BUNDLE_IDENTIFIER = com.yuhanchang.aerolog2025.AeroLogActionExtension;
				PRODUCT_NAME = "$(TARGET_NAME)";
				SKIP_INSTALL = YES;
				SWIFT_EMIT_LOC_STRINGS = YES;
				SWIFT_VERSION = 5.0;
				TARGETED_DEVICE_FAMILY = "1,2";
			};
			name = Debug;
		};
		5ECA923D2EA6311D00169BD7 /* Release */ = {
			isa = XCBuildConfiguration;
			buildSettings = {
				CODE_SIGN_IDENTITY = "Apple Development";
				CODE_SIGN_STYLE = Automatic;
				CURRENT_PROJECT_VERSION = 1;
				DEVELOPMENT_TEAM = 27NWF7BXKM;
				GENERATE_INFOPLIST_FILE = YES;
				INFOPLIST_FILE = AeroLogActionExtension/Info.plist;
				INFOPLIST_KEY_CFBundleDisplayName = AeroLogActionExtension;
				INFOPLIST_KEY_NSHumanReadableCopyright = "";
				LD_RUNPATH_SEARCH_PATHS = (
					"$(inherited)",
					"@executable_path/Frameworks",
					"@executable_path/../../Frameworks",
				);
				MARKETING_VERSION = 1.0;
				PRODUCT_BUNDLE_IDENTIFIER = com.yuhanchang.aerolog2025.AeroLogActionExtension;
				PRODUCT_NAME = "$(TARGET_NAME)";
				SKIP_INSTALL = YES;
				SWIFT_EMIT_LOC_STRINGS = YES;
				SWIFT_VERSION = 5.0;
				TARGETED_DEVICE_FAMILY = "1,2";
			};
			name = Release;
		};
		5ED3DDA52EA34E7E004E9069 /* Debug */ = {
			isa = XCBuildConfiguration;
			buildSettings = {
				CODE_SIGN_ENTITLEMENTS = AeroLogShareExtention/AeroLogShareExtention.entitlements;
				CODE_SIGN_IDENTITY = "Apple Development";
				CODE_SIGN_STYLE = Automatic;
				CURRENT_PROJECT_VERSION = 1;
				DEVELOPMENT_TEAM = 27NWF7BXKM;
				GENERATE_INFOPLIST_FILE = YES;
				INFOPLIST_FILE = AeroLogShareExtention/Info.plist;
				INFOPLIST_KEY_CFBundleDisplayName = AeroLogShareExtention;
				INFOPLIST_KEY_NSHumanReadableCopyright = "";
				LD_RUNPATH_SEARCH_PATHS = (
					"$(inherited)",
					"@executable_path/Frameworks",
					"@executable_path/../../Frameworks",
				);
				MARKETING_VERSION = 1.0;
				PRODUCT_BUNDLE_IDENTIFIER = com.yuhanchang.aerolog2025.AeroLogShareExtention;
				PRODUCT_NAME = "$(TARGET_NAME)";
				SKIP_INSTALL = YES;
				SWIFT_EMIT_LOC_STRINGS = YES;
				SWIFT_VERSION = 5.0;
				TARGETED_DEVICE_FAMILY = "1,2";
			};
			name = Debug;
		};
		5ED3DDA62EA34E7E004E9069 /* Release */ = {
			isa = XCBuildConfiguration;
			buildSettings = {
				CODE_SIGN_ENTITLEMENTS = AeroLogShareExtention/AeroLogShareExtention.entitlements;
				CODE_SIGN_IDENTITY = "Apple Development";
				CODE_SIGN_STYLE = Automatic;
				CURRENT_PROJECT_VERSION = 1;
				DEVELOPMENT_TEAM = 27NWF7BXKM;
				GENERATE_INFOPLIST_FILE = YES;
				INFOPLIST_FILE = AeroLogShareExtention/Info.plist;
				INFOPLIST_KEY_CFBundleDisplayName = AeroLogShareExtention;
				INFOPLIST_KEY_NSHumanReadableCopyright = "";
				LD_RUNPATH_SEARCH_PATHS = (
					"$(inherited)",
					"@executable_path/Frameworks",
					"@executable_path/../../Frameworks",
				);
				MARKETING_VERSION = 1.0;
				PRODUCT_BUNDLE_IDENTIFIER = com.yuhanchang.aerolog2025.AeroLogShareExtention;
				PRODUCT_NAME = "$(TARGET_NAME)";
				SKIP_INSTALL = YES;
				SWIFT_EMIT_LOC_STRINGS = YES;
				SWIFT_VERSION = 5.0;
				TARGETED_DEVICE_FAMILY = "1,2";
			};
			name = Release;
		};
/* End XCBuildConfiguration section */

/* Begin XCConfigurationList section */
		5E45747C2E6EC2F700F192BD /* Build configuration list for PBXNativeTarget "AeroLogTests" */ = {
			isa = XCConfigurationList;
			buildConfigurations = (
				5E45747D2E6EC2F700F192BD /* Debug */,
				5E45747E2E6EC2F700F192BD /* Release */,
			);
			defaultConfigurationIsVisible = 0;
			defaultConfigurationName = Release;
		};
		5E45748D2E6EC3CF00F192BD /* Build configuration list for PBXNativeTarget "Tests" */ = {
			isa = XCConfigurationList;
			buildConfigurations = (
				5E45748E2E6EC3CF00F192BD /* Debug */,
				5E45748F2E6EC3CF00F192BD /* Release */,
			);
			defaultConfigurationIsVisible = 0;
			defaultConfigurationName = Release;
		};
		5E742E462E6C731300D612E9 /* Build configuration list for PBXProject "AeroLog" */ = {
			isa = XCConfigurationList;
			buildConfigurations = (
				5E742E572E6C731400D612E9 /* Debug */,
				5E742E582E6C731400D612E9 /* Release */,
			);
			defaultConfigurationIsVisible = 0;
			defaultConfigurationName = Release;
		};
		5E742E592E6C731400D612E9 /* Build configuration list for PBXNativeTarget "AeroLog" */ = {
			isa = XCConfigurationList;
			buildConfigurations = (
				5E742E5A2E6C731400D612E9 /* Debug */,
				5E742E5B2E6C731400D612E9 /* Release */,
			);
			defaultConfigurationIsVisible = 0;
			defaultConfigurationName = Release;
		};
		5EAC060F2EA636D20069FA59 /* Build configuration list for PBXNativeTarget "AeroLogQuickLookExtension" */ = {
			isa = XCConfigurationList;
			buildConfigurations = (
				5EAC060D2EA636D20069FA59 /* Debug */,
				5EAC060E2EA636D20069FA59 /* Release */,
			);
			defaultConfigurationIsVisible = 0;
			defaultConfigurationName = Release;
		};
		5ECA923E2EA6311D00169BD7 /* Build configuration list for PBXNativeTarget "AeroLogActionExtension" */ = {
			isa = XCConfigurationList;
			buildConfigurations = (
				5ECA923C2EA6311D00169BD7 /* Debug */,
				5ECA923D2EA6311D00169BD7 /* Release */,
			);
			defaultConfigurationIsVisible = 0;
			defaultConfigurationName = Release;
		};
		5ED3DDA42EA34E7E004E9069 /* Build configuration list for PBXNativeTarget "AeroLogShareExtention" */ = {
			isa = XCConfigurationList;
			buildConfigurations = (
				5ED3DDA52EA34E7E004E9069 /* Debug */,
				5ED3DDA62EA34E7E004E9069 /* Release */,
			);
			defaultConfigurationIsVisible = 0;
			defaultConfigurationName = Release;
		};
/* End XCConfigurationList section */
	};
	rootObject = 5E742E432E6C731300D612E9 /* Project object */;
}
